
Microsoft Visual Studio Solution File, Format Version 12.00
# Visual Studio 15
VisualStudioVersion = 15.0.26730.12
MinimumVisualStudioVersion = 10.0.40219.1
Project("{9A19103F-16F7-4668-BE54-9A1E7A4F7556}") = "WebApi.OutputCache.Core", "WebApi.OutputCache.Core\WebApi.OutputCache.Core.csproj", "{572E4D68-F08E-4F23-8668-70703C35B92B}"
EndProject
Project("{9A19103F-16F7-4668-BE54-9A1E7A4F7556}") = "WebApi.OutputCache", "WebApi.OutputCache\WebApi.OutputCache.csproj", "{2F5BBB99-8702-451D-B91C-42930C7AE78A}"
EndProject
Project("{9A19103F-16F7-4668-BE54-9A1E7A4F7556}") = "WebApi.OutputCache.Demo", "WebApi.OutputCache.Demo\WebApi.OutputCache.Demo.csproj", "{7048D8C6-30D1-4C0B-BB50-FB8758C29CCD}"
EndProject
Project("{9A19103F-16F7-4668-BE54-9A1E7A4F7556}") = "WebApi.OutputCache.Redis", "WebApi.OutputCache.Redis\WebApi.OutputCache.Redis.csproj", "{A966C9AF-C37E-4CDF-92B8-DC83DC6B4CE1}"
EndProject
Project("{2150E333-8FDC-42A3-9474-1A3956D46DE8}") = "Demo", "Demo", "{149E8FD3-7BC6-4DD5-B3A2-BE28A577FAEF}"
EndProject
Project("{FAE04EC0-301F-11D3-BF4B-00C04F79EFBC}") = "WebApi.OutputCache.InMemory", "WebApi.OutputCache.InMemory\WebApi.OutputCache.InMemory.csproj", "{4B35E90B-EB1D-418E-9C26-DBEF2D744A94}"
EndProject
Global
	GlobalSection(SolutionConfigurationPlatforms) = preSolution
		Debug|Any CPU = Debug|Any CPU
		Release|Any CPU = Release|Any CPU
	EndGlobalSection
	GlobalSection(ProjectConfigurationPlatforms) = postSolution
		{572E4D68-F08E-4F23-8668-70703C35B92B}.Debug|Any CPU.ActiveCfg = Debug|Any CPU
		{572E4D68-F08E-4F23-8668-70703C35B92B}.Debug|Any CPU.Build.0 = Debug|Any CPU
		{572E4D68-F08E-4F23-8668-70703C35B92B}.Release|Any CPU.ActiveCfg = Release|Any CPU
		{572E4D68-F08E-4F23-8668-70703C35B92B}.Release|Any CPU.Build.0 = Release|Any CPU
		{2F5BBB99-8702-451D-B91C-42930C7AE78A}.Debug|Any CPU.ActiveCfg = Debug|Any CPU
		{2F5BBB99-8702-451D-B91C-42930C7AE78A}.Debug|Any CPU.Build.0 = Debug|Any CPU
		{2F5BBB99-8702-451D-B91C-42930C7AE78A}.Release|Any CPU.ActiveCfg = Release|Any CPU
		{2F5BBB99-8702-451D-B91C-42930C7AE78A}.Release|Any CPU.Build.0 = Release|Any CPU
		{7048D8C6-30D1-4C0B-BB50-FB8758C29CCD}.Debug|Any CPU.ActiveCfg = Debug|Any CPU
		{7048D8C6-30D1-4C0B-BB50-FB8758C29CCD}.Debug|Any CPU.Build.0 = Debug|Any CPU
		{7048D8C6-30D1-4C0B-BB50-FB8758C29CCD}.Release|Any CPU.ActiveCfg = Release|Any CPU
		{7048D8C6-30D1-4C0B-BB50-FB8758C29CCD}.Release|Any CPU.Build.0 = Release|Any CPU
		{A966C9AF-C37E-4CDF-92B8-DC83DC6B4CE1}.Debug|Any CPU.ActiveCfg = Debug|Any CPU
		{A966C9AF-C37E-4CDF-92B8-DC83DC6B4CE1}.Debug|Any CPU.Build.0 = Debug|Any CPU
		{A966C9AF-C37E-4CDF-92B8-DC83DC6B4CE1}.Release|Any CPU.ActiveCfg = Release|Any CPU
		{A966C9AF-C37E-4CDF-92B8-DC83DC6B4CE1}.Release|Any CPU.Build.0 = Release|Any CPU
		{4B35E90B-EB1D-418E-9C26-DBEF2D744A94}.Debug|Any CPU.ActiveCfg = Debug|Any CPU
		{4B35E90B-EB1D-418E-9C26-DBEF2D744A94}.Debug|Any CPU.Build.0 = Debug|Any CPU
		{4B35E90B-EB1D-418E-9C26-DBEF2D744A94}.Release|Any CPU.ActiveCfg = Release|Any CPU
		{4B35E90B-EB1D-418E-9C26-DBEF2D744A94}.Release|Any CPU.Build.0 = Release|Any CPU
	EndGlobalSection
	GlobalSection(SolutionProperties) = preSolution
		HideSolutionNode = FALSE
	EndGlobalSection
	GlobalSection(NestedProjects) = preSolution
		{7048D8C6-30D1-4C0B-BB50-FB8758C29CCD} = {149E8FD3-7BC6-4DD5-B3A2-BE28A577FAEF}
	EndGlobalSection
	GlobalSection(ExtensibilityGlobals) = postSolution
		SolutionGuid = {95A67687-6D38-4245-B703-207EE0FA5F32}
	EndGlobalSection
EndGlobal
